
Microsoft Visual Studio Solution File, Format Version 12.00
# Visual Studio Version 16
VisualStudioVersion = 25.0.1705.4
MinimumVisualStudioVersion = 10.0.40219.1
Project("{FAE04EC0-301F-11D3-BF4B-00C04F79EFBC}") = "CasserMotDePasseAlphaForceBrute", "CasserMotDePasseAlphaForceBrute.csproj", "{7E79D8CE-39E0-46B1-A52B-65C861CC1B7A}"
EndProject
Global
	GlobalSection(SolutionConfigurationPlatforms) = preSolution
		Debug|Any CPU = Debug|Any CPU
		Release|Any CPU = Release|Any CPU
	EndGlobalSection
	GlobalSection(ProjectConfigurationPlatforms) = postSolution
		{7E79D8CE-39E0-46B1-A52B-65C861CC1B7A}.Debug|Any CPU.ActiveCfg = Debug|Any CPU
		{7E79D8CE-39E0-46B1-A52B-65C861CC1B7A}.Debug|Any CPU.Build.0 = Debug|Any CPU
		{7E79D8CE-39E0-46B1-A52B-65C861CC1B7A}.Release|Any CPU.ActiveCfg = Release|Any CPU
		{7E79D8CE-39E0-46B1-A52B-65C861CC1B7A}.Release|Any CPU.Build.0 = Release|Any CPU
	EndGlobalSection
	GlobalSection(SolutionProperties) = preSolution
		HideSolutionNode = FALSE
	EndGlobalSection
	GlobalSection(ExtensibilityGlobals) = postSolution
		SolutionGuid = {2C293A2F-1D9D-474F-9AD0-144DE685C4A7}
	EndGlobalSection
EndGlobal
